# This file is automatically @generated by Cargo.
# It is not intended for manual editing.
version = 3

[[package]]
name = "eui-proto"
version = "0.1.0"

[[package]]
name = "eui-theme"
version = "0.1.0"
dependencies = [
 "eui-proto",
]

[[package]]
name = "eui-tree"
version = "0.1.0"
dependencies = [
 "eui-proto",
]
